// !$*UTF8*$!
{
	archiveVersion = 1;
	classes = {
	};
	objectVersion = 46;
	objects = {

/* Begin PBXBuildFile section */
		E12248CC141BC4B100D255BB /* Foundation.framework in Frameworks */ = {isa = PBXBuildFile; fileRef = E12248CB141BC4B100D255BB /* Foundation.framework */; };
		E12248DA141BC4B100D255BB /* SenTestingKit.framework in Frameworks */ = {isa = PBXBuildFile; fileRef = E12248D9141BC4B100D255BB /* SenTestingKit.framework */; };
		E12248DD141BC4B100D255BB /* Foundation.framework in Frameworks */ = {isa = PBXBuildFile; fileRef = E12248CB141BC4B100D255BB /* Foundation.framework */; };
		E12248E2141BC4B100D255BB /* libObjectiveEntity.a in Frameworks */ = {isa = PBXBuildFile; fileRef = E12248C8141BC4B100D255BB /* libObjectiveEntity.a */; };
		E1224900141BC5B400D255BB /* ObjectiveEntityTests-Info.plist in Resources */ = {isa = PBXBuildFile; fileRef = E12248FC141BC5B400D255BB /* ObjectiveEntityTests-Info.plist */; };
		E1224901141BC5B400D255BB /* ObjectiveEntityTests.m in Sources */ = {isa = PBXBuildFile; fileRef = E12248FE141BC5B400D255BB /* ObjectiveEntityTests.m */; };
		E1224904141BC5D600D255BB /* InfoPlist.strings in Resources */ = {isa = PBXBuildFile; fileRef = E1224902141BC5D600D255BB /* InfoPlist.strings */; };
		E1224907141BC5F900D255BB /* EntityManager.h in Headers */ = {isa = PBXBuildFile; fileRef = E1224905141BC5F900D255BB /* EntityManager.h */; };
		E1224908141BC5F900D255BB /* EntityManager.m in Sources */ = {isa = PBXBuildFile; fileRef = E1224906141BC5F900D255BB /* EntityManager.m */; };
		E122491C141C149D00D255BB /* FMDatabase.h in Headers */ = {isa = PBXBuildFile; fileRef = E1224916141C149C00D255BB /* FMDatabase.h */; };
		E122491D141C149D00D255BB /* FMDatabase.m in Sources */ = {isa = PBXBuildFile; fileRef = E1224917141C149C00D255BB /* FMDatabase.m */; };
		E122491E141C149D00D255BB /* FMDatabaseAdditions.h in Headers */ = {isa = PBXBuildFile; fileRef = E1224918141C149C00D255BB /* FMDatabaseAdditions.h */; };
		E122491F141C149D00D255BB /* FMDatabaseAdditions.m in Sources */ = {isa = PBXBuildFile; fileRef = E1224919141C149C00D255BB /* FMDatabaseAdditions.m */; };
		E1224920141C149D00D255BB /* FMResultSet.h in Headers */ = {isa = PBXBuildFile; fileRef = E122491A141C149C00D255BB /* FMResultSet.h */; };
		E1224921141C149D00D255BB /* FMResultSet.m in Sources */ = {isa = PBXBuildFile; fileRef = E122491B141C149C00D255BB /* FMResultSet.m */; };
/* End PBXBuildFile section */

/* Begin PBXContainerItemProxy section */
		E12248E0141BC4B100D255BB /* PBXContainerItemProxy */ = {
			isa = PBXContainerItemProxy;
			containerPortal = E12248BF141BC4B100D255BB /* Project object */;
			proxyType = 1;
			remoteGlobalIDString = E12248C7141BC4B100D255BB;
			remoteInfo = ObjectiveEntity;
		};
/* End PBXContainerItemProxy section */

/* Begin PBXFileReference section */
		E12248C8141BC4B100D255BB /* libObjectiveEntity.a */ = {isa = PBXFileReference; explicitFileType = archive.ar; includeInIndex = 0; path = libObjectiveEntity.a; sourceTree = BUILT_PRODUCTS_DIR; };
		E12248CB141BC4B100D255BB /* Foundation.framework */ = {isa = PBXFileReference; lastKnownFileType = wrapper.framework; name = Foundation.framework; path = System/Library/Frameworks/Foundation.framework; sourceTree = SDKROOT; };
		E12248D8141BC4B100D255BB /* ObjectiveEntityTests.octest */ = {isa = PBXFileReference; explicitFileType = wrapper.cfbundle; includeInIndex = 0; path = ObjectiveEntityTests.octest; sourceTree = BUILT_PRODUCTS_DIR; };
		E12248D9141BC4B100D255BB /* SenTestingKit.framework */ = {isa = PBXFileReference; lastKnownFileType = wrapper.framework; name = SenTestingKit.framework; path = Library/Frameworks/SenTestingKit.framework; sourceTree = DEVELOPER_DIR; };
		E12248FC141BC5B400D255BB /* ObjectiveEntityTests-Info.plist */ = {isa = PBXFileReference; fileEncoding = 4; lastKnownFileType = text.plist.xml; name = "ObjectiveEntityTests-Info.plist"; path = "test/ObjectiveEntityTests-Info.plist"; sourceTree = SOURCE_ROOT; };
		E12248FD141BC5B400D255BB /* ObjectiveEntityTests.h */ = {isa = PBXFileReference; fileEncoding = 4; lastKnownFileType = sourcecode.c.h; name = ObjectiveEntityTests.h; path = test/ObjectiveEntityTests.h; sourceTree = SOURCE_ROOT; };
		E12248FE141BC5B400D255BB /* ObjectiveEntityTests.m */ = {isa = PBXFileReference; fileEncoding = 4; lastKnownFileType = sourcecode.c.objc; name = ObjectiveEntityTests.m; path = test/ObjectiveEntityTests.m; sourceTree = SOURCE_ROOT; };
		E1224903141BC5D600D255BB /* en */ = {isa = PBXFileReference; lastKnownFileType = text.plist.strings; name = en; path = test/en.lproj/InfoPlist.strings; sourceTree = SOURCE_ROOT; };
		E1224905141BC5F900D255BB /* EntityManager.h */ = {isa = PBXFileReference; fileEncoding = 4; lastKnownFileType = sourcecode.c.h; name = EntityManager.h; path = src/EntityManager.h; sourceTree = SOURCE_ROOT; };
		E1224906141BC5F900D255BB /* EntityManager.m */ = {isa = PBXFileReference; fileEncoding = 4; lastKnownFileType = sourcecode.c.objc; name = EntityManager.m; path = src/EntityManager.m; sourceTree = SOURCE_ROOT; };
		E1224916141C149C00D255BB /* FMDatabase.h */ = {isa = PBXFileReference; fileEncoding = 4; lastKnownFileType = sourcecode.c.h; name = FMDatabase.h; path = fmdb/src/FMDatabase.h; sourceTree = SOURCE_ROOT; };
		E1224917141C149C00D255BB /* FMDatabase.m */ = {isa = PBXFileReference; fileEncoding = 4; lastKnownFileType = sourcecode.c.objc; name = FMDatabase.m; path = fmdb/src/FMDatabase.m; sourceTree = SOURCE_ROOT; };
		E1224918141C149C00D255BB /* FMDatabaseAdditions.h */ = {isa = PBXFileReference; fileEncoding = 4; lastKnownFileType = sourcecode.c.h; name = FMDatabaseAdditions.h; path = fmdb/src/FMDatabaseAdditions.h; sourceTree = SOURCE_ROOT; };
		E1224919141C149C00D255BB /* FMDatabaseAdditions.m */ = {isa = PBXFileReference; fileEncoding = 4; lastKnownFileType = sourcecode.c.objc; name = FMDatabaseAdditions.m; path = fmdb/src/FMDatabaseAdditions.m; sourceTree = SOURCE_ROOT; };
		E122491A141C149C00D255BB /* FMResultSet.h */ = {isa = PBXFileReference; fileEncoding = 4; lastKnownFileType = sourcecode.c.h; name = FMResultSet.h; path = fmdb/src/FMResultSet.h; sourceTree = SOURCE_ROOT; };
		E122491B141C149C00D255BB /* FMResultSet.m */ = {isa = PBXFileReference; fileEncoding = 4; lastKnownFileType = sourcecode.c.objc; name = FMResultSet.m; path = fmdb/src/FMResultSet.m; sourceTree = SOURCE_ROOT; };
/* End PBXFileReference section */

/* Begin PBXFrameworksBuildPhase section */
		E12248C5141BC4B100D255BB /* Frameworks */ = {
			isa = PBXFrameworksBuildPhase;
			buildActionMask = 2147483647;
			files = (
				E12248CC141BC4B100D255BB /* Foundation.framework in Frameworks */,
			);
			runOnlyForDeploymentPostprocessing = 0;
		};
		E12248D4141BC4B100D255BB /* Frameworks */ = {
			isa = PBXFrameworksBuildPhase;
			buildActionMask = 2147483647;
			files = (
				E12248DA141BC4B100D255BB /* SenTestingKit.framework in Frameworks */,
				E12248DD141BC4B100D255BB /* Foundation.framework in Frameworks */,
				E12248E2141BC4B100D255BB /* libObjectiveEntity.a in Frameworks */,
			);
			runOnlyForDeploymentPostprocessing = 0;
		};
/* End PBXFrameworksBuildPhase section */

/* Begin PBXGroup section */
		E12248BD141BC4B100D255BB = {
			isa = PBXGroup;
			children = (
				E12248CD141BC4B100D255BB /* ObjectiveEntity */,
				E12248E3141BC4B100D255BB /* ObjectiveEntityTests */,
				E12248CA141BC4B100D255BB /* Frameworks */,
				E12248C9141BC4B100D255BB /* Products */,
			);
			sourceTree = "<group>";
		};
		E12248C9141BC4B100D255BB /* Products */ = {
			isa = PBXGroup;
			children = (
				E12248C8141BC4B100D255BB /* libObjectiveEntity.a */,
				E12248D8141BC4B100D255BB /* ObjectiveEntityTests.octest */,
			);
			name = Products;
			sourceTree = "<group>";
		};
		E12248CA141BC4B100D255BB /* Frameworks */ = {
			isa = PBXGroup;
			children = (
				E12248CB141BC4B100D255BB /* Foundation.framework */,
				E12248D9141BC4B100D255BB /* SenTestingKit.framework */,
			);
			name = Frameworks;
			sourceTree = "<group>";
		};
		E12248CD141BC4B100D255BB /* ObjectiveEntity */ = {
			isa = PBXGroup;
			children = (
				E1224916141C149C00D255BB /* FMDatabase.h */,
				E1224917141C149C00D255BB /* FMDatabase.m */,
				E1224918141C149C00D255BB /* FMDatabaseAdditions.h */,
				E1224919141C149C00D255BB /* FMDatabaseAdditions.m */,
				E122491A141C149C00D255BB /* FMResultSet.h */,
				E122491B141C149C00D255BB /* FMResultSet.m */,
				E1224905141BC5F900D255BB /* EntityManager.h */,
				E1224906141BC5F900D255BB /* EntityManager.m */,
			);
			path = ObjectiveEntity;
			sourceTree = "<group>";
		};
		E12248E3141BC4B100D255BB /* ObjectiveEntityTests */ = {
			isa = PBXGroup;
			children = (
				E12248FD141BC5B400D255BB /* ObjectiveEntityTests.h */,
				E12248FE141BC5B400D255BB /* ObjectiveEntityTests.m */,
				E12248E4141BC4B100D255BB /* Supporting Files */,
			);
			path = ObjectiveEntityTests;
			sourceTree = "<group>";
		};
		E12248E4141BC4B100D255BB /* Supporting Files */ = {
			isa = PBXGroup;
			children = (
				E1224902141BC5D600D255BB /* InfoPlist.strings */,
				E12248FC141BC5B400D255BB /* ObjectiveEntityTests-Info.plist */,
			);
			name = "Supporting Files";
			sourceTree = "<group>";
		};
/* End PBXGroup section */

/* Begin PBXHeadersBuildPhase section */
		E12248C6141BC4B100D255BB /* Headers */ = {
			isa = PBXHeadersBuildPhase;
			buildActionMask = 2147483647;
			files = (
				E1224907141BC5F900D255BB /* EntityManager.h in Headers */,
				E122491C141C149D00D255BB /* FMDatabase.h in Headers */,
				E122491E141C149D00D255BB /* FMDatabaseAdditions.h in Headers */,
				E1224920141C149D00D255BB /* FMResultSet.h in Headers */,
			);
			runOnlyForDeploymentPostprocessing = 0;
		};
/* End PBXHeadersBuildPhase section */

/* Begin PBXNativeTarget section */
		E12248C7141BC4B100D255BB /* ObjectiveEntity */ = {
			isa = PBXNativeTarget;
			buildConfigurationList = E12248EF141BC4B100D255BB /* Build configuration list for PBXNativeTarget "ObjectiveEntity" */;
			buildPhases = (
				E12248C4141BC4B100D255BB /* Sources */,
				E12248C5141BC4B100D255BB /* Frameworks */,
				E12248C6141BC4B100D255BB /* Headers */,
			);
			buildRules = (
			);
			dependencies = (
			);
			name = ObjectiveEntity;
			productName = ObjectiveEntity;
			productReference = E12248C8141BC4B100D255BB /* libObjectiveEntity.a */;
			productType = "com.apple.product-type.library.static";
		};
		E12248D7141BC4B100D255BB /* ObjectiveEntityTests */ = {
			isa = PBXNativeTarget;
			buildConfigurationList = E12248F2141BC4B100D255BB /* Build configuration list for PBXNativeTarget "ObjectiveEntityTests" */;
			buildPhases = (
				E12248D3141BC4B100D255BB /* Sources */,
				E12248D4141BC4B100D255BB /* Frameworks */,
				E12248D5141BC4B100D255BB /* Resources */,
				E12248D6141BC4B100D255BB /* ShellScript */,
			);
			buildRules = (
			);
			dependencies = (
				E12248E1141BC4B100D255BB /* PBXTargetDependency */,
			);
			name = ObjectiveEntityTests;
			productName = ObjectiveEntityTests;
			productReference = E12248D8141BC4B100D255BB /* ObjectiveEntityTests.octest */;
			productType = "com.apple.product-type.bundle";
		};
/* End PBXNativeTarget section */

/* Begin PBXProject section */
		E12248BF141BC4B100D255BB /* Project object */ = {
			isa = PBXProject;
			buildConfigurationList = E12248C2141BC4B100D255BB /* Build configuration list for PBXProject "ObjectiveEntity" */;
			compatibilityVersion = "Xcode 3.2";
			developmentRegion = English;
			hasScannedForEncodings = 0;
			knownRegions = (
				en,
			);
			mainGroup = E12248BD141BC4B100D255BB;
			productRefGroup = E12248C9141BC4B100D255BB /* Products */;
			projectDirPath = "";
			projectRoot = "";
			targets = (
				E12248C7141BC4B100D255BB /* ObjectiveEntity */,
				E12248D7141BC4B100D255BB /* ObjectiveEntityTests */,
			);
		};
/* End PBXProject section */

/* Begin PBXResourcesBuildPhase section */
		E12248D5141BC4B100D255BB /* Resources */ = {
			isa = PBXResourcesBuildPhase;
			buildActionMask = 2147483647;
			files = (
				E1224900141BC5B400D255BB /* ObjectiveEntityTests-Info.plist in Resources */,
				E1224904141BC5D600D255BB /* InfoPlist.strings in Resources */,
			);
			runOnlyForDeploymentPostprocessing = 0;
		};
/* End PBXResourcesBuildPhase section */

/* Begin PBXShellScriptBuildPhase section */
		E12248D6141BC4B100D255BB /* ShellScript */ = {
			isa = PBXShellScriptBuildPhase;
			buildActionMask = 2147483647;
			files = (
			);
			inputPaths = (
			);
			outputPaths = (
			);
			runOnlyForDeploymentPostprocessing = 0;
			shellPath = /bin/sh;
			shellScript = "# Run the unit tests in this test bundle.\n\"${SYSTEM_DEVELOPER_DIR}/Tools/RunUnitTests\"\n";
		};
/* End PBXShellScriptBuildPhase section */

/* Begin PBXSourcesBuildPhase section */
		E12248C4141BC4B100D255BB /* Sources */ = {
			isa = PBXSourcesBuildPhase;
			buildActionMask = 2147483647;
			files = (
				E1224908141BC5F900D255BB /* EntityManager.m in Sources */,
				E122491D141C149D00D255BB /* FMDatabase.m in Sources */,
				E122491F141C149D00D255BB /* FMDatabaseAdditions.m in Sources */,
				E1224921141C149D00D255BB /* FMResultSet.m in Sources */,
			);
			runOnlyForDeploymentPostprocessing = 0;
		};
		E12248D3141BC4B100D255BB /* Sources */ = {
			isa = PBXSourcesBuildPhase;
			buildActionMask = 2147483647;
			files = (
				E1224901141BC5B400D255BB /* ObjectiveEntityTests.m in Sources */,
			);
			runOnlyForDeploymentPostprocessing = 0;
		};
/* End PBXSourcesBuildPhase section */

/* Begin PBXTargetDependency section */
		E12248E1141BC4B100D255BB /* PBXTargetDependency */ = {
			isa = PBXTargetDependency;
			target = E12248C7141BC4B100D255BB /* ObjectiveEntity */;
			targetProxy = E12248E0141BC4B100D255BB /* PBXContainerItemProxy */;
		};
/* End PBXTargetDependency section */

/* Begin PBXVariantGroup section */
		E1224902141BC5D600D255BB /* InfoPlist.strings */ = {
			isa = PBXVariantGroup;
			children = (
				E1224903141BC5D600D255BB /* en */,
			);
			name = InfoPlist.strings;
			sourceTree = "<group>";
		};
/* End PBXVariantGroup section */

/* Begin XCBuildConfiguration section */
		E12248ED141BC4B100D255BB /* Debug */ = {
			isa = XCBuildConfiguration;
			buildSettings = {
				ALWAYS_SEARCH_USER_PATHS = NO;
				ARCHS = "$(ARCHS_STANDARD_32_BIT)";
				COPY_PHASE_STRIP = NO;
				GCC_C_LANGUAGE_STANDARD = gnu99;
				GCC_DYNAMIC_NO_PIC = NO;
				GCC_OPTIMIZATION_LEVEL = 0;
				GCC_PREPROCESSOR_DEFINITIONS = (
					"DEBUG=1",
					"$(inherited)",
				);
				GCC_SYMBOLS_PRIVATE_EXTERN = NO;
				GCC_VERSION = com.apple.compilers.llvmgcc42;
				GCC_WARN_ABOUT_MISSING_PROTOTYPES = YES;
				GCC_WARN_ABOUT_RETURN_TYPE = YES;
				GCC_WARN_UNUSED_VARIABLE = YES;
				IPHONEOS_DEPLOYMENT_TARGET = 4.3;
				SDKROOT = iphoneos;
			};
			name = Debug;
		};
		E12248EE141BC4B100D255BB /* Release */ = {
			isa = XCBuildConfiguration;
			buildSettings = {
				ALWAYS_SEARCH_USER_PATHS = NO;
				ARCHS = "$(ARCHS_STANDARD_32_BIT)";
				COPY_PHASE_STRIP = YES;
				GCC_C_LANGUAGE_STANDARD = gnu99;
				GCC_VERSION = com.apple.compilers.llvmgcc42;
				GCC_WARN_ABOUT_MISSING_PROTOTYPES = YES;
				GCC_WARN_ABOUT_RETURN_TYPE = YES;
				GCC_WARN_UNUSED_VARIABLE = YES;
				IPHONEOS_DEPLOYMENT_TARGET = 4.3;
				SDKROOT = iphoneos;
				VALIDATE_PRODUCT = YES;
			};
			name = Release;
		};
		E12248F0141BC4B100D255BB /* Debug */ = {
			isa = XCBuildConfiguration;
			buildSettings = {
				DSTROOT = /tmp/ObjectiveEntity.dst;
				GCC_PRECOMPILE_PREFIX_HEADER = NO;
				GCC_PREFIX_HEADER = "";
				OTHER_LDFLAGS = "-ObjC";
				PRECOMPS_INCLUDE_HEADERS_FROM_BUILT_PRODUCTS_DIR = NO;
				PRODUCT_NAME = "$(TARGET_NAME)";
				SKIP_INSTALL = YES;
			};
			name = Debug;
		};
		E12248F1141BC4B100D255BB /* Release */ = {
			isa = XCBuildConfiguration;
			buildSettings = {
				DSTROOT = /tmp/ObjectiveEntity.dst;
				GCC_PRECOMPILE_PREFIX_HEADER = NO;
				GCC_PREFIX_HEADER = "";
				OTHER_LDFLAGS = "-ObjC";
				PRECOMPS_INCLUDE_HEADERS_FROM_BUILT_PRODUCTS_DIR = NO;
				PRODUCT_NAME = "$(TARGET_NAME)";
				SKIP_INSTALL = YES;
			};
			name = Release;
		};
		E12248F3141BC4B100D255BB /* Debug */ = {
			isa = XCBuildConfiguration;
			buildSettings = {
				FRAMEWORK_SEARCH_PATHS = (
					"$(SDKROOT)/Developer/Library/Frameworks",
					"$(DEVELOPER_LIBRARY_DIR)/Frameworks",
				);
				GCC_PRECOMPILE_PREFIX_HEADER = YES;
				GCC_PREFIX_HEADER = "ObjectiveEntity/ObjectiveEntity-Prefix.pch";
				INFOPLIST_FILE = "ObjectiveEntityTests/ObjectiveEntityTests-Info.plist";
				PRODUCT_NAME = "$(TARGET_NAME)";
				WRAPPER_EXTENSION = octest;
			};
			name = Debug;
		};
		E12248F4141BC4B100D255BB /* Release */ = {
			isa = XCBuildConfiguration;
			buildSettings = {
				FRAMEWORK_SEARCH_PATHS = (
					"$(SDKROOT)/Developer/Library/Frameworks",
					"$(DEVELOPER_LIBRARY_DIR)/Frameworks",
				);
				GCC_PRECOMPILE_PREFIX_HEADER = YES;
				GCC_PREFIX_HEADER = "ObjectiveEntity/ObjectiveEntity-Prefix.pch";
				INFOPLIST_FILE = "ObjectiveEntityTests/ObjectiveEntityTests-Info.plist";
				PRODUCT_NAME = "$(TARGET_NAME)";
				WRAPPER_EXTENSION = octest;
			};
			name = Release;
		};
/* End XCBuildConfiguration section */

/* Begin XCConfigurationList section */
		E12248C2141BC4B100D255BB /* Build configuration list for PBXProject "ObjectiveEntity" */ = {
			isa = XCConfigurationList;
			buildConfigurations = (
				E12248ED141BC4B100D255BB /* Debug */,
				E12248EE141BC4B100D255BB /* Release */,
			);
			defaultConfigurationIsVisible = 0;
			defaultConfigurationName = Release;
		};
		E12248EF141BC4B100D255BB /* Build configuration list for PBXNativeTarget "ObjectiveEntity" */ = {
			isa = XCConfigurationList;
			buildConfigurations = (
				E12248F0141BC4B100D255BB /* Debug */,
				E12248F1141BC4B100D255BB /* Release */,
			);
			defaultConfigurationIsVisible = 0;
			defaultConfigurationName = Release;
		};
		E12248F2141BC4B100D255BB /* Build configuration list for PBXNativeTarget "ObjectiveEntityTests" */ = {
			isa = XCConfigurationList;
			buildConfigurations = (
				E12248F3141BC4B100D255BB /* Debug */,
				E12248F4141BC4B100D255BB /* Release */,
			);
			defaultConfigurationIsVisible = 0;
			defaultConfigurationName = Release;
		};
/* End XCConfigurationList section */
	};
	rootObject = E12248BF141BC4B100D255BB /* Project object */;
}
